
Microsoft Visual Studio Solution File, Format Version 12.00
# Visual Studio 15
VisualStudioVersion = 15.0.28307.705
MinimumVisualStudioVersion = 10.0.40219.1
Project("{FAE04EC0-301F-11D3-BF4B-00C04F79EFBC}") = "MOBILE", "MOBILE\MOBILE.csproj", "{A2D9DED2-6B45-43B0-9D60-35E9F39B4B98}"
EndProject
Global
	GlobalSection(SolutionConfigurationPlatforms) = preSolution
		Debug|Any CPU = Debug|Any CPU
		Release|Any CPU = Release|Any CPU
	EndGlobalSection
	GlobalSection(ProjectConfigurationPlatforms) = postSolution
		{A2D9DED2-6B45-43B0-9D60-35E9F39B4B98}.Debug|Any CPU.ActiveCfg = Debug|Any CPU
		{A2D9DED2-6B45-43B0-9D60-35E9F39B4B98}.Debug|Any CPU.Build.0 = Debug|Any CPU
		{A2D9DED2-6B45-43B0-9D60-35E9F39B4B98}.Release|Any CPU.ActiveCfg = Release|Any CPU
		{A2D9DED2-6B45-43B0-9D60-35E9F39B4B98}.Release|Any CPU.Build.0 = Release|Any CPU
	EndGlobalSection
	GlobalSection(SolutionProperties) = preSolution
		HideSolutionNode = FALSE
	EndGlobalSection
	GlobalSection(ExtensibilityGlobals) = postSolution
		SolutionGuid = {175796B1-570B-4D5F-B361-91369184C804}
	EndGlobalSection
EndGlobal
